
Microsoft Visual Studio Solution File, Format Version 12.00
# Visual Studio Version 16
VisualStudioVersion = 16.0.32413.511
MinimumVisualStudioVersion = 10.0.40219.1
Project("{9A19103F-16F7-4668-BE54-9A1E7A4F7556}") = "CinemaHub", "CinemaHub.csproj", "{A84ABEB4-6155-4CE1-8D3D-5411843BFEFC}"
EndProject
Global
	GlobalSection(SolutionConfigurationPlatforms) = preSolution
		Debug|Any CPU = Debug|Any CPU
		Release|Any CPU = Release|Any CPU
	EndGlobalSection
	GlobalSection(ProjectConfigurationPlatforms) = postSolution
		{A84ABEB4-6155-4CE1-8D3D-5411843BFEFC}.Debug|Any CPU.ActiveCfg = Debug|Any CPU
		{A84ABEB4-6155-4CE1-8D3D-5411843BFEFC}.Debug|Any CPU.Build.0 = Debug|Any CPU
		{A84ABEB4-6155-4CE1-8D3D-5411843BFEFC}.Release|Any CPU.ActiveCfg = Release|Any CPU
		{A84ABEB4-6155-4CE1-8D3D-5411843BFEFC}.Release|Any CPU.Build.0 = Release|Any CPU
	EndGlobalSection
	GlobalSection(SolutionProperties) = preSolution
		HideSolutionNode = FALSE
	EndGlobalSection
	GlobalSection(ExtensibilityGlobals) = postSolution
		SolutionGuid = {C3F4FA2B-4CB1-493B-8511-130F66631934}
	EndGlobalSection
EndGlobal
